<?xml version="1.0" encoding="utf-8"?>
<Project ToolsVersion="4.0" xmlns="http://schemas.microsoft.com/developer/msbuild/2003">
  <ItemGroup>
    <ClCompile Include="src\main.cpp">
      <Filter>src</Filter>
    </ClCompile>
    <ClCompile Include="Group.cpp">
      <Filter>src</Filter>
    </ClCompile>
    <ClCompile Include="src\ofApp.cpp">
      <Filter>src</Filter>
    </ClCompile>
    <ClCompile Include="Transformation.cpp">
      <Filter>src</Filter>
    </ClCompile>
    <ClCompile Include="Utilities.cpp">
      <Filter>src</Filter>
    </ClCompile>
    <ClCompile Include="_Line.cpp">
      <Filter>src</Filter>
    </ClCompile>
    <ClCompile Include="Cube.cpp">
      <Filter>src</Filter>
    </ClCompile>
    <ClCompile Include="Form.cpp">
      <Filter>src</Filter>
    </ClCompile>
    <ClCompile Include="Primitive.cpp">
      <Filter>src</Filter>
    </ClCompile>
    <ClCompile Include="Sphere.cpp">
      <Filter>src</Filter>
    </ClCompile>
    <ClCompile Include="Triangle.cpp">
      <Filter>src</Filter>
    </ClCompile>
    <ClCompile Include="renderer.cpp">
      <Filter>src</Filter>
    </ClCompile>
  </ItemGroup>
  <ItemGroup>
    <Filter Include="src">
      <UniqueIdentifier>{d8376475-7454-4a24-b08a-aac121d3ad6f}</UniqueIdentifier>
    </Filter>
    <Filter Include="src\Objects">
      <UniqueIdentifier>{11af4ef3-c24c-4e66-b3f3-7907861b582b}</UniqueIdentifier>
    </Filter>
    <Filter Include="src\Scene">
      <UniqueIdentifier>{a36f0646-afef-4149-aa9e-3207ca997056}</UniqueIdentifier>
    </Filter>
  </ItemGroup>
  <ItemGroup>
    <ClInclude Include="Group.h">
      <Filter>src</Filter>
    </ClInclude>
    <ClInclude Include="src\ofApp.h">
      <Filter>src</Filter>
    </ClInclude>
    <ClInclude Include="Transformation.h">
      <Filter>src</Filter>
    </ClInclude>
    <ClInclude Include="Utilities.h">
      <Filter>src</Filter>
    </ClInclude>
    <ClInclude Include="_Line.h">
      <Filter>src</Filter>
    </ClInclude>
    <ClInclude Include="Cube.h">
      <Filter>src</Filter>
    </ClInclude>
    <ClInclude Include="Form.h">
      <Filter>src</Filter>
    </ClInclude>
    <ClInclude Include="Primitive.h">
      <Filter>src</Filter>
    </ClInclude>
    <ClInclude Include="Sphere.h">
      <Filter>src</Filter>
    </ClInclude>
    <ClInclude Include="Triangle.h">
      <Filter>src</Filter>
    </ClInclude>
    <ClInclude Include="renderer.h">
      <Filter>src</Filter>
    </ClInclude>
  </ItemGroup>
  <ItemGroup>
    <ResourceCompile Include="icon.rc" />
  </ItemGroup>
</Project>